
Microsoft Visual Studio Solution File, Format Version 12.00
# Visual Studio Version 17
VisualStudioVersion = 17.3.32825.248
MinimumVisualStudioVersion = 10.0.40219.1
Project("{FAE04EC0-301F-11D3-BF4B-00C04F79EFBC}") = "RazorPagesUI", "RazorPagesUI\RazorPagesUI.csproj", "{4990AB8E-2C84-4FF4-AC32-9E5F719065CA}"
EndProject
Global
	GlobalSection(SolutionConfigurationPlatforms) = preSolution
		Debug|Any CPU = Debug|Any CPU
		Release|Any CPU = Release|Any CPU
	EndGlobalSection
	GlobalSection(ProjectConfigurationPlatforms) = postSolution
		{4990AB8E-2C84-4FF4-AC32-9E5F719065CA}.Debug|Any CPU.ActiveCfg = Debug|Any CPU
		{4990AB8E-2C84-4FF4-AC32-9E5F719065CA}.Debug|Any CPU.Build.0 = Debug|Any CPU
		{4990AB8E-2C84-4FF4-AC32-9E5F719065CA}.Release|Any CPU.ActiveCfg = Release|Any CPU
		{4990AB8E-2C84-4FF4-AC32-9E5F719065CA}.Release|Any CPU.Build.0 = Release|Any CPU
	EndGlobalSection
	GlobalSection(SolutionProperties) = preSolution
		HideSolutionNode = FALSE
	EndGlobalSection
	GlobalSection(ExtensibilityGlobals) = postSolution
		SolutionGuid = {65E9D4EC-672C-40AB-9FC7-B33E222DC6C2}
	EndGlobalSection
EndGlobal
