
Microsoft Visual Studio Solution File, Format Version 12.00
# Visual Studio Version 17
VisualStudioVersion = 17.3.32825.248
MinimumVisualStudioVersion = 10.0.40219.1
Project("{9A19103F-16F7-4668-BE54-9A1E7A4F7556}") = "RazorPagesUI", "RazorPagesUI\RazorPagesUI.csproj", "{4990AB8E-2C84-4FF4-AC32-9E5F719065CA}"
EndProject
Project("{9A19103F-16F7-4668-BE54-9A1E7A4F7556}") = "RazorPagesDemo.Models", "RazorPagesDemo.Models\RazorPagesDemo.Models.csproj", "{5412D1CA-06E1-4951-9FDB-43B473D5C634}"
EndProject
Project("{9A19103F-16F7-4668-BE54-9A1E7A4F7556}") = "RazorPageDemo.Services", "RazorPageDemo.Services\RazorPageDemo.Services.csproj", "{898976B9-1EEE-4612-8E0B-31A9606FD94C}"
EndProject
Project("{FAE04EC0-301F-11D3-BF4B-00C04F79EFBC}") = "RazorPageDemo.BL", "RazorPageDemo.BL\RazorPageDemo.BL.csproj", "{8EDD24D4-4C78-415F-B830-2092A1380B2D}"
EndProject
Global
	GlobalSection(SolutionConfigurationPlatforms) = preSolution
		Debug|Any CPU = Debug|Any CPU
		Release|Any CPU = Release|Any CPU
	EndGlobalSection
	GlobalSection(ProjectConfigurationPlatforms) = postSolution
		{4990AB8E-2C84-4FF4-AC32-9E5F719065CA}.Debug|Any CPU.ActiveCfg = Debug|Any CPU
		{4990AB8E-2C84-4FF4-AC32-9E5F719065CA}.Debug|Any CPU.Build.0 = Debug|Any CPU
		{4990AB8E-2C84-4FF4-AC32-9E5F719065CA}.Release|Any CPU.ActiveCfg = Release|Any CPU
		{4990AB8E-2C84-4FF4-AC32-9E5F719065CA}.Release|Any CPU.Build.0 = Release|Any CPU
		{5412D1CA-06E1-4951-9FDB-43B473D5C634}.Debug|Any CPU.ActiveCfg = Debug|Any CPU
		{5412D1CA-06E1-4951-9FDB-43B473D5C634}.Debug|Any CPU.Build.0 = Debug|Any CPU
		{5412D1CA-06E1-4951-9FDB-43B473D5C634}.Release|Any CPU.ActiveCfg = Release|Any CPU
		{5412D1CA-06E1-4951-9FDB-43B473D5C634}.Release|Any CPU.Build.0 = Release|Any CPU
		{898976B9-1EEE-4612-8E0B-31A9606FD94C}.Debug|Any CPU.ActiveCfg = Debug|Any CPU
		{898976B9-1EEE-4612-8E0B-31A9606FD94C}.Debug|Any CPU.Build.0 = Debug|Any CPU
		{898976B9-1EEE-4612-8E0B-31A9606FD94C}.Release|Any CPU.ActiveCfg = Release|Any CPU
		{898976B9-1EEE-4612-8E0B-31A9606FD94C}.Release|Any CPU.Build.0 = Release|Any CPU
		{8EDD24D4-4C78-415F-B830-2092A1380B2D}.Debug|Any CPU.ActiveCfg = Debug|Any CPU
		{8EDD24D4-4C78-415F-B830-2092A1380B2D}.Debug|Any CPU.Build.0 = Debug|Any CPU
		{8EDD24D4-4C78-415F-B830-2092A1380B2D}.Release|Any CPU.ActiveCfg = Release|Any CPU
		{8EDD24D4-4C78-415F-B830-2092A1380B2D}.Release|Any CPU.Build.0 = Release|Any CPU
	EndGlobalSection
	GlobalSection(SolutionProperties) = preSolution
		HideSolutionNode = FALSE
	EndGlobalSection
	GlobalSection(ExtensibilityGlobals) = postSolution
		SolutionGuid = {65E9D4EC-672C-40AB-9FC7-B33E222DC6C2}
	EndGlobalSection
EndGlobal
